// !$*UTF8*$!
{
	archiveVersion = 1;
	classes = {
	};
	objectVersion = 70;
	objects = {

/* Begin PBXContainerItemProxy section */
		DA7EBDC32C3FEC3D00F2A740 /* PBXContainerItemProxy */ = {
			isa = PBXContainerItemProxy;
			containerPortal = DA7EBDA62C3FEC3B00F2A740 /* Project object */;
			proxyType = 1;
			remoteGlobalIDString = DA7EBDAD2C3FEC3B00F2A740;
			remoteInfo = dollersign;
		};
		DA7EBDCD2C3FEC3D00F2A740 /* PBXContainerItemProxy */ = {
			isa = PBXContainerItemProxy;
			containerPortal = DA7EBDA62C3FEC3B00F2A740 /* Project object */;
			proxyType = 1;
			remoteGlobalIDString = DA7EBDAD2C3FEC3B00F2A740;
			remoteInfo = dollersign;
		};
/* End PBXContainerItemProxy section */

/* Begin PBXFileReference section */
		DA7EBDAE2C3FEC3B00F2A740 /* dollersign.app */ = {isa = PBXFileReference; explicitFileType = wrapper.application; includeInIndex = 0; path = dollersign.app; sourceTree = BUILT_PRODUCTS_DIR; };
		DA7EBDC22C3FEC3D00F2A740 /* dollersignTests.xctest */ = {isa = PBXFileReference; explicitFileType = wrapper.cfbundle; includeInIndex = 0; path = dollersignTests.xctest; sourceTree = BUILT_PRODUCTS_DIR; };
		DA7EBDCC2C3FEC3D00F2A740 /* dollersignUITests.xctest */ = {isa = PBXFileReference; explicitFileType = wrapper.cfbundle; includeInIndex = 0; path = dollersignUITests.xctest; sourceTree = BUILT_PRODUCTS_DIR; };
/* End PBXFileReference section */

/* Begin PBXFileSystemSynchronizedBuildFileExceptionSet section */
		DA7EBDD42C3FEC3D00F2A740 /* PBXFileSystemSynchronizedBuildFileExceptionSet */ = {
			isa = PBXFileSystemSynchronizedBuildFileExceptionSet;
			membershipExceptions = (
				Info.plist,
			);
			target = DA7EBDAD2C3FEC3B00F2A740 /* dollersign */;
		};
/* End PBXFileSystemSynchronizedBuildFileExceptionSet section */

/* Begin PBXFileSystemSynchronizedRootGroup section */
		DA7EBDB02C3FEC3B00F2A740 /* dollersign */ = {isa = PBXFileSystemSynchronizedRootGroup; exceptions = (DA7EBDD42C3FEC3D00F2A740 /* PBXFileSystemSynchronizedBuildFileExceptionSet */, ); explicitFileTypes = {}; explicitFolders = (); path = dollersign; sourceTree = "<group>"; };
		DA7EBDC52C3FEC3D00F2A740 /* dollersignTests */ = {isa = PBXFileSystemSynchronizedRootGroup; explicitFileTypes = {}; explicitFolders = (); path = dollersignTests; sourceTree = "<group>"; };
		DA7EBDCF2C3FEC3D00F2A740 /* dollersignUITests */ = {isa = PBXFileSystemSynchronizedRootGroup; explicitFileTypes = {}; explicitFolders = (); path = dollersignUITests; sourceTree = "<group>"; };
/* End PBXFileSystemSynchronizedRootGroup section */

/* Begin PBXFrameworksBuildPhase section */
		DA7EBDAB2C3FEC3B00F2A740 /* Frameworks */ = {
			isa = PBXFrameworksBuildPhase;
			buildActionMask = 2147483647;
			files = (
			);
			runOnlyForDeploymentPostprocessing = 0;
		};
		DA7EBDBF2C3FEC3D00F2A740 /* Frameworks */ = {
			isa = PBXFrameworksBuildPhase;
			buildActionMask = 2147483647;
			files = (
			);
			runOnlyForDeploymentPostprocessing = 0;
		};
		DA7EBDC92C3FEC3D00F2A740 /* Frameworks */ = {
			isa = PBXFrameworksBuildPhase;
			buildActionMask = 2147483647;
			files = (
			);
			runOnlyForDeploymentPostprocessing = 0;
		};
/* End PBXFrameworksBuildPhase section */

/* Begin PBXGroup section */
		DA7EBDA52C3FEC3B00F2A740 = {
			isa = PBXGroup;
			children = (
				DA7EBDB02C3FEC3B00F2A740 /* dollersign */,
				DA7EBDC52C3FEC3D00F2A740 /* dollersignTests */,
				DA7EBDCF2C3FEC3D00F2A740 /* dollersignUITests */,
				DA7EBDAF2C3FEC3B00F2A740 /* Products */,
			);
			sourceTree = "<group>";
		};
		DA7EBDAF2C3FEC3B00F2A740 /* Products */ = {
			isa = PBXGroup;
			children = (
				DA7EBDAE2C3FEC3B00F2A740 /* dollersign.app */,
				DA7EBDC22C3FEC3D00F2A740 /* dollersignTests.xctest */,
				DA7EBDCC2C3FEC3D00F2A740 /* dollersignUITests.xctest */,
			);
			name = Products;
			sourceTree = "<group>";
		};
/* End PBXGroup section */

/* Begin PBXNativeTarget section */
		DA7EBDAD2C3FEC3B00F2A740 /* dollersign */ = {
			isa = PBXNativeTarget;
			buildConfigurationList = DA7EBDD52C3FEC3D00F2A740 /* Build configuration list for PBXNativeTarget "dollersign" */;
			buildPhases = (
				DA7EBDAA2C3FEC3B00F2A740 /* Sources */,
				DA7EBDAB2C3FEC3B00F2A740 /* Frameworks */,
				DA7EBDAC2C3FEC3B00F2A740 /* Resources */,
			);
			buildRules = (
			);
			dependencies = (
			);
			fileSystemSynchronizedGroups = (
				DA7EBDB02C3FEC3B00F2A740 /* dollersign */,
			);
			name = dollersign;
			packageProductDependencies = (
			);
			productName = dollersign;
			productReference = DA7EBDAE2C3FEC3B00F2A740 /* dollersign.app */;
			productType = "com.apple.product-type.application";
		};
		DA7EBDC12C3FEC3D00F2A740 /* dollersignTests */ = {
			isa = PBXNativeTarget;
			buildConfigurationList = DA7EBDDA2C3FEC3D00F2A740 /* Build configuration list for PBXNativeTarget "dollersignTests" */;
			buildPhases = (
				DA7EBDBE2C3FEC3D00F2A740 /* Sources */,
				DA7EBDBF2C3FEC3D00F2A740 /* Frameworks */,
				DA7EBDC02C3FEC3D00F2A740 /* Resources */,
			);
			buildRules = (
			);
			dependencies = (
				DA7EBDC42C3FEC3D00F2A740 /* PBXTargetDependency */,
			);
			fileSystemSynchronizedGroups = (
				DA7EBDC52C3FEC3D00F2A740 /* dollersignTests */,
			);
			name = dollersignTests;
			packageProductDependencies = (
			);
			productName = dollersignTests;
			productReference = DA7EBDC22C3FEC3D00F2A740 /* dollersignTests.xctest */;
			productType = "com.apple.product-type.bundle.unit-test";
		};
		DA7EBDCB2C3FEC3D00F2A740 /* dollersignUITests */ = {
			isa = PBXNativeTarget;
			buildConfigurationList = DA7EBDDD2C3FEC3D00F2A740 /* Build configuration list for PBXNativeTarget "dollersignUITests" */;
			buildPhases = (
				DA7EBDC82C3FEC3D00F2A740 /* Sources */,
				DA7EBDC92C3FEC3D00F2A740 /* Frameworks */,
				DA7EBDCA2C3FEC3D00F2A740 /* Resources */,
			);
			buildRules = (
			);
			dependencies = (
				DA7EBDCE2C3FEC3D00F2A740 /* PBXTargetDependency */,
			);
			fileSystemSynchronizedGroups = (
				DA7EBDCF2C3FEC3D00F2A740 /* dollersignUITests */,
			);
			name = dollersignUITests;
			packageProductDependencies = (
			);
			productName = dollersignUITests;
			productReference = DA7EBDCC2C3FEC3D00F2A740 /* dollersignUITests.xctest */;
			productType = "com.apple.product-type.bundle.ui-testing";
		};
/* End PBXNativeTarget section */

/* Begin PBXProject section */
		DA7EBDA62C3FEC3B00F2A740 /* Project object */ = {
			isa = PBXProject;
			attributes = {
				BuildIndependentTargetsInParallel = 1;
				LastSwiftUpdateCheck = 1600;
				LastUpgradeCheck = 1600;
				TargetAttributes = {
					DA7EBDAD2C3FEC3B00F2A740 = {
						CreatedOnToolsVersion = 16.0;
					};
					DA7EBDC12C3FEC3D00F2A740 = {
						CreatedOnToolsVersion = 16.0;
						TestTargetID = DA7EBDAD2C3FEC3B00F2A740;
					};
					DA7EBDCB2C3FEC3D00F2A740 = {
						CreatedOnToolsVersion = 16.0;
						TestTargetID = DA7EBDAD2C3FEC3B00F2A740;
					};
				};
			};
			buildConfigurationList = DA7EBDA92C3FEC3B00F2A740 /* Build configuration list for PBXProject "dollersign" */;
			compatibilityVersion = "Xcode 15.0";
			developmentRegion = en;
			hasScannedForEncodings = 0;
			knownRegions = (
				en,
				Base,
			);
			mainGroup = DA7EBDA52C3FEC3B00F2A740;
			productRefGroup = DA7EBDAF2C3FEC3B00F2A740 /* Products */;
			projectDirPath = "";
			projectRoot = "";
			targets = (
				DA7EBDAD2C3FEC3B00F2A740 /* dollersign */,
				DA7EBDC12C3FEC3D00F2A740 /* dollersignTests */,
				DA7EBDCB2C3FEC3D00F2A740 /* dollersignUITests */,
			);
		};
/* End PBXProject section */

/* Begin PBXResourcesBuildPhase section */
		DA7EBDAC2C3FEC3B00F2A740 /* Resources */ = {
			isa = PBXResourcesBuildPhase;
			buildActionMask = 2147483647;
			files = (
			);
			runOnlyForDeploymentPostprocessing = 0;
		};
		DA7EBDC02C3FEC3D00F2A740 /* Resources */ = {
			isa = PBXResourcesBuildPhase;
			buildActionMask = 2147483647;
			files = (
			);
			runOnlyForDeploymentPostprocessing = 0;
		};
		DA7EBDCA2C3FEC3D00F2A740 /* Resources */ = {
			isa = PBXResourcesBuildPhase;
			buildActionMask = 2147483647;
			files = (
			);
			runOnlyForDeploymentPostprocessing = 0;
		};
/* End PBXResourcesBuildPhase section */

/* Begin PBXSourcesBuildPhase section */
		DA7EBDAA2C3FEC3B00F2A740 /* Sources */ = {
			isa = PBXSourcesBuildPhase;
			buildActionMask = 2147483647;
			files = (
			);
			runOnlyForDeploymentPostprocessing = 0;
		};
		DA7EBDBE2C3FEC3D00F2A740 /* Sources */ = {
			isa = PBXSourcesBuildPhase;
			buildActionMask = 2147483647;
			files = (
			);
			runOnlyForDeploymentPostprocessing = 0;
		};
		DA7EBDC82C3FEC3D00F2A740 /* Sources */ = {
			isa = PBXSourcesBuildPhase;
			buildActionMask = 2147483647;
			files = (
			);
			runOnlyForDeploymentPostprocessing = 0;
		};
/* End PBXSourcesBuildPhase section */

/* Begin PBXTargetDependency section */
		DA7EBDC42C3FEC3D00F2A740 /* PBXTargetDependency */ = {
			isa = PBXTargetDependency;
			target = DA7EBDAD2C3FEC3B00F2A740 /* dollersign */;
			targetProxy = DA7EBDC32C3FEC3D00F2A740 /* PBXContainerItemProxy */;
		};
		DA7EBDCE2C3FEC3D00F2A740 /* PBXTargetDependency */ = {
			isa = PBXTargetDependency;
			target = DA7EBDAD2C3FEC3B00F2A740 /* dollersign */;
			targetProxy = DA7EBDCD2C3FEC3D00F2A740 /* PBXContainerItemProxy */;
		};
/* End PBXTargetDependency section */

/* Begin XCBuildConfiguration section */
		DA7EBDD62C3FEC3D00F2A740 /* Debug */ = {
			isa = XCBuildConfiguration;
			buildSettings = {
				ASSETCATALOG_COMPILER_APPICON_NAME = AppIcon;
				ASSETCATALOG_COMPILER_GLOBAL_ACCENT_COLOR_NAME = AccentColor;
				ASSETCATALOG_COMPILER_INCLUDE_ALL_APPICON_ASSETS = NO;
				CODE_SIGN_ENTITLEMENTS = dollersign/dollersign.entitlements;
				CODE_SIGN_STYLE = Automatic;
				CURRENT_PROJECT_VERSION = 1;
				DEVELOPMENT_ASSET_PATHS = "\"dollersign/Preview Content\"";
				DEVELOPMENT_TEAM = 3Q8A85ZRZ6;
				ENABLE_PREVIEWS = YES;
				GENERATE_INFOPLIST_FILE = YES;
				INFOPLIST_FILE = dollersign/Info.plist;
				INFOPLIST_KEY_CFBundleDisplayName = "Doller Sign";
				INFOPLIST_KEY_LSApplicationCategoryType = "public.app-category.finance";
				INFOPLIST_KEY_UIApplicationSceneManifest_Generation = YES;
				INFOPLIST_KEY_UIApplicationSupportsIndirectInputEvents = YES;
				INFOPLIST_KEY_UILaunchScreen_Generation = YES;
				INFOPLIST_KEY_UISupportedInterfaceOrientations_iPad = "UIInterfaceOrientationPortrait UIInterfaceOrientationPortraitUpsideDown UIInterfaceOrientationLandscapeLeft UIInterfaceOrientationLandscapeRight";
				INFOPLIST_KEY_UISupportedInterfaceOrientations_iPhone = "UIInterfaceOrientationPortrait UIInterfaceOrientationLandscapeLeft UIInterfaceOrientationLandscapeRight";
				IPHONEOS_DEPLOYMENT_TARGET = 17.6;
				LD_RUNPATH_SEARCH_PATHS = (
					"$(inherited)",
					"@executable_path/Frameworks",
				);
				MARKETING_VERSION = 1.0;
				PRODUCT_BUNDLE_IDENTIFIER = com.kammanching.dollersign;
				PRODUCT_NAME = "$(TARGET_NAME)";
				SWIFT_EMIT_LOC_STRINGS = YES;
				SWIFT_VERSION = 5.0;
				TARGETED_DEVICE_FAMILY = "1,2";
			};
			name = Debug;
		};
		DA7EBDD72C3FEC3D00F2A740 /* Release */ = {
			isa = XCBuildConfiguration;
			buildSettings = {
				ASSETCATALOG_COMPILER_APPICON_NAME = AppIcon;
				ASSETCATALOG_COMPILER_GLOBAL_ACCENT_COLOR_NAME = AccentColor;
				ASSETCATALOG_COMPILER_INCLUDE_ALL_APPICON_ASSETS = NO;
				CODE_SIGN_ENTITLEMENTS = dollersign/dollersign.entitlements;
				CODE_SIGN_STYLE = Automatic;
				CURRENT_PROJECT_VERSION = 1;
				DEVELOPMENT_ASSET_PATHS = "\"dollersign/Preview Content\"";
				DEVELOPMENT_TEAM = 3Q8A85ZRZ6;
				ENABLE_PREVIEWS = YES;
				GENERATE_INFOPLIST_FILE = YES;
				INFOPLIST_FILE = dollersign/Info.plist;
				INFOPLIST_KEY_CFBundleDisplayName = "Doller Sign";
				INFOPLIST_KEY_LSApplicationCategoryType = "public.app-category.finance";
				INFOPLIST_KEY_UIApplicationSceneManifest_Generation = YES;
				INFOPLIST_KEY_UIApplicationSupportsIndirectInputEvents = YES;
				INFOPLIST_KEY_UILaunchScreen_Generation = YES;
				INFOPLIST_KEY_UISupportedInterfaceOrientations_iPad = "UIInterfaceOrientationPortrait UIInterfaceOrientationPortraitUpsideDown UIInterfaceOrientationLandscapeLeft UIInterfaceOrientationLandscapeRight";
				INFOPLIST_KEY_UISupportedInterfaceOrientations_iPhone = "UIInterfaceOrientationPortrait UIInterfaceOrientationLandscapeLeft UIInterfaceOrientationLandscapeRight";
				IPHONEOS_DEPLOYMENT_TARGET = 17.6;
				LD_RUNPATH_SEARCH_PATHS = (
					"$(inherited)",
					"@executable_path/Frameworks",
				);
				MARKETING_VERSION = 1.0;
				PRODUCT_BUNDLE_IDENTIFIER = com.kammanching.dollersign;
				PRODUCT_NAME = "$(TARGET_NAME)";
				SWIFT_EMIT_LOC_STRINGS = YES;
				SWIFT_VERSION = 5.0;
				TARGETED_DEVICE_FAMILY = "1,2";
			};
			name = Release;
		};
		DA7EBDD82C3FEC3D00F2A740 /* Debug */ = {
			isa = XCBuildConfiguration;
			buildSettings = {
				ALWAYS_SEARCH_USER_PATHS = NO;
				ASSETCATALOG_COMPILER_GENERATE_SWIFT_ASSET_SYMBOL_EXTENSIONS = YES;
				CLANG_ANALYZER_NONNULL = YES;
				CLANG_ANALYZER_NUMBER_OBJECT_CONVERSION = YES_AGGRESSIVE;
				CLANG_CXX_LANGUAGE_STANDARD = "gnu++20";
				CLANG_ENABLE_MODULES = YES;
				CLANG_ENABLE_OBJC_ARC = YES;
				CLANG_ENABLE_OBJC_WEAK = YES;
				CLANG_WARN_BLOCK_CAPTURE_AUTORELEASING = YES;
				CLANG_WARN_BOOL_CONVERSION = YES;
				CLANG_WARN_COMMA = YES;
				CLANG_WARN_CONSTANT_CONVERSION = YES;
				CLANG_WARN_DEPRECATED_OBJC_IMPLEMENTATIONS = YES;
				CLANG_WARN_DIRECT_OBJC_ISA_USAGE = YES_ERROR;
				CLANG_WARN_DOCUMENTATION_COMMENTS = YES;
				CLANG_WARN_EMPTY_BODY = YES;
				CLANG_WARN_ENUM_CONVERSION = YES;
				CLANG_WARN_INFINITE_RECURSION = YES;
				CLANG_WARN_INT_CONVERSION = YES;
				CLANG_WARN_NON_LITERAL_NULL_CONVERSION = YES;
				CLANG_WARN_OBJC_IMPLICIT_RETAIN_SELF = YES;
				CLANG_WARN_OBJC_LITERAL_CONVERSION = YES;
				CLANG_WARN_OBJC_ROOT_CLASS = YES_ERROR;
				CLANG_WARN_QUOTED_INCLUDE_IN_FRAMEWORK_HEADER = YES;
				CLANG_WARN_RANGE_LOOP_ANALYSIS = YES;
				CLANG_WARN_STRICT_PROTOTYPES = YES;
				CLANG_WARN_SUSPICIOUS_MOVE = YES;
				CLANG_WARN_UNGUARDED_AVAILABILITY = YES_AGGRESSIVE;
				CLANG_WARN_UNREACHABLE_CODE = YES;
				CLANG_WARN__DUPLICATE_METHOD_MATCH = YES;
				COPY_PHASE_STRIP = NO;
				DEBUG_INFORMATION_FORMAT = dwarf;
				ENABLE_STRICT_OBJC_MSGSEND = YES;
				ENABLE_TESTABILITY = YES;
				ENABLE_USER_SCRIPT_SANDBOXING = YES;
				GCC_C_LANGUAGE_STANDARD = gnu17;
				GCC_DYNAMIC_NO_PIC = NO;
				GCC_NO_COMMON_BLOCKS = YES;
				GCC_OPTIMIZATION_LEVEL = 0;
				GCC_PREPROCESSOR_DEFINITIONS = (
					"DEBUG=1",
					"$(inherited)",
				);
				GCC_WARN_64_TO_32_BIT_CONVERSION = YES;
				GCC_WARN_ABOUT_RETURN_TYPE = YES_ERROR;
				GCC_WARN_UNDECLARED_SELECTOR = YES;
				GCC_WARN_UNINITIALIZED_AUTOS = YES_AGGRESSIVE;
				GCC_WARN_UNUSED_FUNCTION = YES;
				GCC_WARN_UNUSED_VARIABLE = YES;
				IPHONEOS_DEPLOYMENT_TARGET = 18.0;
				LOCALIZATION_PREFERS_STRING_CATALOGS = YES;
				MTL_ENABLE_DEBUG_INFO = INCLUDE_SOURCE;
				MTL_FAST_MATH = YES;
				ONLY_ACTIVE_ARCH = YES;
				SDKROOT = iphoneos;
				SWIFT_ACTIVE_COMPILATION_CONDITIONS = "DEBUG $(inherited)";
				SWIFT_OPTIMIZATION_LEVEL = "-Onone";
				SWIFT_UPCOMING_FEATURE_GLOBAL_CONCURRENCY = YES;
			};
			name = Debug;
		};
		DA7EBDD92C3FEC3D00F2A740 /* Release */ = {
			isa = XCBuildConfiguration;
			buildSettings = {
				ALWAYS_SEARCH_USER_PATHS = NO;
				ASSETCATALOG_COMPILER_GENERATE_SWIFT_ASSET_SYMBOL_EXTENSIONS = YES;
				CLANG_ANALYZER_NONNULL = YES;
				CLANG_ANALYZER_NUMBER_OBJECT_CONVERSION = YES_AGGRESSIVE;
				CLANG_CXX_LANGUAGE_STANDARD = "gnu++20";
				CLANG_ENABLE_MODULES = YES;
				CLANG_ENABLE_OBJC_ARC = YES;
				CLANG_ENABLE_OBJC_WEAK = YES;
				CLANG_WARN_BLOCK_CAPTURE_AUTORELEASING = YES;
				CLANG_WARN_BOOL_CONVERSION = YES;
				CLANG_WARN_COMMA = YES;
				CLANG_WARN_CONSTANT_CONVERSION = YES;
				CLANG_WARN_DEPRECATED_OBJC_IMPLEMENTATIONS = YES;
				CLANG_WARN_DIRECT_OBJC_ISA_USAGE = YES_ERROR;
				CLANG_WARN_DOCUMENTATION_COMMENTS = YES;
				CLANG_WARN_EMPTY_BODY = YES;
				CLANG_WARN_ENUM_CONVERSION = YES;
				CLANG_WARN_INFINITE_RECURSION = YES;
				CLANG_WARN_INT_CONVERSION = YES;
				CLANG_WARN_NON_LITERAL_NULL_CONVERSION = YES;
				CLANG_WARN_OBJC_IMPLICIT_RETAIN_SELF = YES;
				CLANG_WARN_OBJC_LITERAL_CONVERSION = YES;
				CLANG_WARN_OBJC_ROOT_CLASS = YES_ERROR;
				CLANG_WARN_QUOTED_INCLUDE_IN_FRAMEWORK_HEADER = YES;
				CLANG_WARN_RANGE_LOOP_ANALYSIS = YES;
				CLANG_WARN_STRICT_PROTOTYPES = YES;
				CLANG_WARN_SUSPICIOUS_MOVE = YES;
				CLANG_WARN_UNGUARDED_AVAILABILITY = YES_AGGRESSIVE;
				CLANG_WARN_UNREACHABLE_CODE = YES;
				CLANG_WARN__DUPLICATE_METHOD_MATCH = YES;
				COPY_PHASE_STRIP = NO;
				DEBUG_INFORMATION_FORMAT = "dwarf-with-dsym";
				ENABLE_NS_ASSERTIONS = NO;
				ENABLE_STRICT_OBJC_MSGSEND = YES;
				ENABLE_USER_SCRIPT_SANDBOXING = YES;
				GCC_C_LANGUAGE_STANDARD = gnu17;
				GCC_NO_COMMON_BLOCKS = YES;
				GCC_WARN_64_TO_32_BIT_CONVERSION = YES;
				GCC_WARN_ABOUT_RETURN_TYPE = YES_ERROR;
				GCC_WARN_UNDECLARED_SELECTOR = YES;
				GCC_WARN_UNINITIALIZED_AUTOS = YES_AGGRESSIVE;
				GCC_WARN_UNUSED_FUNCTION = YES;
				GCC_WARN_UNUSED_VARIABLE = YES;
				IPHONEOS_DEPLOYMENT_TARGET = 18.0;
				LOCALIZATION_PREFERS_STRING_CATALOGS = YES;
				MTL_ENABLE_DEBUG_INFO = NO;
				MTL_FAST_MATH = YES;
				SDKROOT = iphoneos;
				SWIFT_COMPILATION_MODE = wholemodule;
				SWIFT_UPCOMING_FEATURE_GLOBAL_CONCURRENCY = YES;
				VALIDATE_PRODUCT = YES;
			};
			name = Release;
		};
		DA7EBDDB2C3FEC3D00F2A740 /* Debug */ = {
			isa = XCBuildConfiguration;
			buildSettings = {
				BUNDLE_LOADER = "$(TEST_HOST)";
				CODE_SIGN_STYLE = Automatic;
				CURRENT_PROJECT_VERSION = 1;
				DEVELOPMENT_TEAM = 3Q8A85ZRZ6;
				GENERATE_INFOPLIST_FILE = YES;
				IPHONEOS_DEPLOYMENT_TARGET = 18.0;
				MARKETING_VERSION = 1.0;
				PRODUCT_BUNDLE_IDENTIFIER = com.kammanching.dollersignTests;
				PRODUCT_NAME = "$(TARGET_NAME)";
				SWIFT_EMIT_LOC_STRINGS = NO;
				SWIFT_VERSION = 5.0;
				TARGETED_DEVICE_FAMILY = "1,2";
				TEST_HOST = "$(BUILT_PRODUCTS_DIR)/dollersign.app/$(BUNDLE_EXECUTABLE_FOLDER_PATH)/dollersign";
			};
			name = Debug;
		};
		DA7EBDDC2C3FEC3D00F2A740 /* Release */ = {
			isa = XCBuildConfiguration;
			buildSettings = {
				BUNDLE_LOADER = "$(TEST_HOST)";
				CODE_SIGN_STYLE = Automatic;
				CURRENT_PROJECT_VERSION = 1;
				DEVELOPMENT_TEAM = 3Q8A85ZRZ6;
				GENERATE_INFOPLIST_FILE = YES;
				IPHONEOS_DEPLOYMENT_TARGET = 18.0;
				MARKETING_VERSION = 1.0;
				PRODUCT_BUNDLE_IDENTIFIER = com.kammanching.dollersignTests;
				PRODUCT_NAME = "$(TARGET_NAME)";
				SWIFT_EMIT_LOC_STRINGS = NO;
				SWIFT_VERSION = 5.0;
				TARGETED_DEVICE_FAMILY = "1,2";
				TEST_HOST = "$(BUILT_PRODUCTS_DIR)/dollersign.app/$(BUNDLE_EXECUTABLE_FOLDER_PATH)/dollersign";
			};
			name = Release;
		};
		DA7EBDDE2C3FEC3D00F2A740 /* Debug */ = {
			isa = XCBuildConfiguration;
			buildSettings = {
				CODE_SIGN_STYLE = Automatic;
				CURRENT_PROJECT_VERSION = 1;
				DEVELOPMENT_TEAM = 3Q8A85ZRZ6;
				GENERATE_INFOPLIST_FILE = YES;
				MARKETING_VERSION = 1.0;
				PRODUCT_BUNDLE_IDENTIFIER = com.kammanching.dollersignUITests;
				PRODUCT_NAME = "$(TARGET_NAME)";
				SWIFT_EMIT_LOC_STRINGS = NO;
				SWIFT_VERSION = 5.0;
				TARGETED_DEVICE_FAMILY = "1,2";
				TEST_TARGET_NAME = dollersign;
			};
			name = Debug;
		};
		DA7EBDDF2C3FEC3D00F2A740 /* Release */ = {
			isa = XCBuildConfiguration;
			buildSettings = {
				CODE_SIGN_STYLE = Automatic;
				CURRENT_PROJECT_VERSION = 1;
				DEVELOPMENT_TEAM = 3Q8A85ZRZ6;
				GENERATE_INFOPLIST_FILE = YES;
				MARKETING_VERSION = 1.0;
				PRODUCT_BUNDLE_IDENTIFIER = com.kammanching.dollersignUITests;
				PRODUCT_NAME = "$(TARGET_NAME)";
				SWIFT_EMIT_LOC_STRINGS = NO;
				SWIFT_VERSION = 5.0;
				TARGETED_DEVICE_FAMILY = "1,2";
				TEST_TARGET_NAME = dollersign;
			};
			name = Release;
		};
/* End XCBuildConfiguration section */

/* Begin XCConfigurationList section */
		DA7EBDA92C3FEC3B00F2A740 /* Build configuration list for PBXProject "dollersign" */ = {
			isa = XCConfigurationList;
			buildConfigurations = (
				DA7EBDD82C3FEC3D00F2A740 /* Debug */,
				DA7EBDD92C3FEC3D00F2A740 /* Release */,
			);
			defaultConfigurationIsVisible = 0;
			defaultConfigurationName = Release;
		};
		DA7EBDD52C3FEC3D00F2A740 /* Build configuration list for PBXNativeTarget "dollersign" */ = {
			isa = XCConfigurationList;
			buildConfigurations = (
				DA7EBDD62C3FEC3D00F2A740 /* Debug */,
				DA7EBDD72C3FEC3D00F2A740 /* Release */,
			);
			defaultConfigurationIsVisible = 0;
			defaultConfigurationName = Release;
		};
		DA7EBDDA2C3FEC3D00F2A740 /* Build configuration list for PBXNativeTarget "dollersignTests" */ = {
			isa = XCConfigurationList;
			buildConfigurations = (
				DA7EBDDB2C3FEC3D00F2A740 /* Debug */,
				DA7EBDDC2C3FEC3D00F2A740 /* Release */,
			);
			defaultConfigurationIsVisible = 0;
			defaultConfigurationName = Release;
		};
		DA7EBDDD2C3FEC3D00F2A740 /* Build configuration list for PBXNativeTarget "dollersignUITests" */ = {
			isa = XCConfigurationList;
			buildConfigurations = (
				DA7EBDDE2C3FEC3D00F2A740 /* Debug */,
				DA7EBDDF2C3FEC3D00F2A740 /* Release */,
			);
			defaultConfigurationIsVisible = 0;
			defaultConfigurationName = Release;
		};
/* End XCConfigurationList section */
	};
	rootObject = DA7EBDA62C3FEC3B00F2A740 /* Project object */;
}
